
Microsoft Visual Studio Solution File, Format Version 12.00
# Visual Studio Version 17
VisualStudioVersion = 17.3.32901.215
MinimumVisualStudioVersion = 10.0.40219.1
Project("{FAE04EC0-301F-11D3-BF4B-00C04F79EFBC}") = "DVConsole", "dvconsole\DVConsole.csproj", "{94FC4A33-7E06-4FD3-BAAE-040E7C307D8B}"
EndProject
Global
	GlobalSection(SolutionConfigurationPlatforms) = preSolution
		Debug|Any CPU = Debug|Any CPU
		Release|Any CPU = Release|Any CPU
	EndGlobalSection
	GlobalSection(ProjectConfigurationPlatforms) = postSolution
		{94FC4A33-7E06-4FD3-BAAE-040E7C307D8B}.Debug|Any CPU.ActiveCfg = Debug|Any CPU
		{94FC4A33-7E06-4FD3-BAAE-040E7C307D8B}.Debug|Any CPU.Build.0 = Debug|Any CPU
		{94FC4A33-7E06-4FD3-BAAE-040E7C307D8B}.Release|Any CPU.ActiveCfg = Release|Any CPU
		{94FC4A33-7E06-4FD3-BAAE-040E7C307D8B}.Release|Any CPU.Build.0 = Release|Any CPU
	EndGlobalSection
	GlobalSection(SolutionProperties) = preSolution
		HideSolutionNode = FALSE
	EndGlobalSection
	GlobalSection(ExtensibilityGlobals) = postSolution
		SolutionGuid = {F4259D05-9C41-4CE8-99E2-6F6B36E1121C}
	EndGlobalSection
EndGlobal
